
Microsoft Visual Studio Solution File, Format Version 12.00
# Visual Studio Version 17
VisualStudioVersion = 17.0.31903.59
MinimumVisualStudioVersion = 10.0.40219.1
Project("{2150E333-8FDC-42A3-9474-1A3956D46DE8}") = "src", "src", "{827E0CD3-B72D-47B6-A68D-7590B98EB39B}"
EndProject
Project("{FAE04EC0-301F-11D3-BF4B-00C04F79EFBC}") = "GamePatchKit.Core", "src\GamePatchKit.Core\GamePatchKit.Core.csproj", "{46AEF1FD-D80A-4697-9D13-A9AF041D28DF}"
EndProject
Project("{FAE04EC0-301F-11D3-BF4B-00C04F79EFBC}") = "GamePatchKit.Compression.NativeCompressions", "src\GamePatchKit.Compression.NativeCompressions\GamePatchKit.Compression.NativeCompressions.csproj", "{E3B74888-5801-4A5C-B1FF-1397285DDC30}"
EndProject
Project("{FAE04EC0-301F-11D3-BF4B-00C04F79EFBC}") = "GamePatchKit.Packager", "src\GamePatchKit.Packager\GamePatchKit.Packager.csproj", "{E5F3C0D2-98B2-4BE9-89E3-7E762A0F9A9C}"
EndProject
Project("{FAE04EC0-301F-11D3-BF4B-00C04F79EFBC}") = "GamePatchKit.Cli", "src\GamePatchKit.Cli\GamePatchKit.Cli.csproj", "{5A9CE963-7014-4E1E-B901-8F56599B8826}"
EndProject
Project("{FAE04EC0-301F-11D3-BF4B-00C04F79EFBC}") = "GamePatchKit.Runtime", "src\GamePatchKit.Runtime\GamePatchKit.Runtime.csproj", "{4865896E-CD36-4022-93C3-F4FEF77189A2}"
EndProject
Project("{FAE04EC0-301F-11D3-BF4B-00C04F79EFBC}") = "GamePatchKit.DotNet", "src\GamePatchKit.DotNet\GamePatchKit.DotNet.csproj", "{7322DAD2-0CC5-4436-990F-B0386A5B9F21}"
EndProject
Project("{2150E333-8FDC-42A3-9474-1A3956D46DE8}") = "tests", "tests", "{0AB3BF05-4346-4AA6-1389-037BE0695223}"
EndProject
Project("{FAE04EC0-301F-11D3-BF4B-00C04F79EFBC}") = "GamePatchKit.Core.Tests", "tests\GamePatchKit.Core.Tests\GamePatchKit.Core.Tests.csproj", "{AA5217EB-15E5-4529-B9AD-054766F313D3}"
EndProject
Project("{FAE04EC0-301F-11D3-BF4B-00C04F79EFBC}") = "GamePatchKit.Compression.NativeCompressions.Tests", "tests\GamePatchKit.Compression.NativeCompressions.Tests\GamePatchKit.Compression.NativeCompressions.Tests.csproj", "{C30013B3-1151-4F74-88F0-3FFDC68D32BE}"
EndProject
Project("{FAE04EC0-301F-11D3-BF4B-00C04F79EFBC}") = "GamePatchKit.Packager.Tests", "tests\GamePatchKit.Packager.Tests\GamePatchKit.Packager.Tests.csproj", "{B35FBF6C-8CCD-492E-AEAD-A58E9E47A72A}"
EndProject
Project("{FAE04EC0-301F-11D3-BF4B-00C04F79EFBC}") = "GamePatchKit.Runtime.Tests", "tests\GamePatchKit.Runtime.Tests\GamePatchKit.Runtime.Tests.csproj", "{0083F720-6309-4945-87E7-95113965998F}"
EndProject
Project("{FAE04EC0-301F-11D3-BF4B-00C04F79EFBC}") = "GamePatchKit.DotNet.Tests", "tests\GamePatchKit.DotNet.Tests\GamePatchKit.DotNet.Tests.csproj", "{E203B8CD-8E19-4039-9D42-6A289F9EC47E}"
EndProject
Project("{FAE04EC0-301F-11D3-BF4B-00C04F79EFBC}") = "GamePatchKit.IntegrationTests", "tests\GamePatchKit.IntegrationTests\GamePatchKit.IntegrationTests.csproj", "{5FA29C2F-2BB5-4687-98CD-1943C85D93D1}"
EndProject
Project("{2150E333-8FDC-42A3-9474-1A3956D46DE8}") = "build", "build", "{11C02A59-E5BC-451E-BA61-7C587C4E68FB}"
EndProject
Project("{FAE04EC0-301F-11D3-BF4B-00C04F79EFBC}") = "_build", "_build\_build.csproj", "{E59E6B05-515F-4129-AC37-4AEDFD36E2A2}"
EndProject
Project("{FAE04EC0-301F-11D3-BF4B-00C04F79EFBC}") = "GamePatchKit.Cli.Tests", "tests\GamePatchKit.Cli.Tests\GamePatchKit.Cli.Tests.csproj", "{BB9217F2-B213-4E8C-ACC0-4F8AF5F60126}"
EndProject
Project("{FAE04EC0-301F-11D3-BF4B-00C04F79EFBC}") = "GamePatchKit.Conformance", "tests\GamePatchKit.Conformance\GamePatchKit.Conformance.csproj", "{42E6D885-66ED-47F9-8140-680A37A16AC2}"
EndProject
Project("{FAE04EC0-301F-11D3-BF4B-00C04F79EFBC}") = "GamePatchKit.PerformanceTests.Harness", "tests\GamePatchKit.PerformanceTests.Harness\GamePatchKit.PerformanceTests.Harness.csproj", "{0FC5B827-E9BB-486D-BFA0-4FE1C501F6EB}"
EndProject
Project("{FAE04EC0-301F-11D3-BF4B-00C04F79EFBC}") = "GamePatchKit.PerformanceTests", "tests\GamePatchKit.PerformanceTests\GamePatchKit.PerformanceTests.csproj", "{7F6C7B9F-4021-41CD-978D-6F3E34BDA538}"
EndProject
Project("{2150E333-8FDC-42A3-9474-1A3956D46DE8}") = "samples", "samples", "{5D20AA90-6969-D8BD-9DCD-8634F4692FDA}"
EndProject
Project("{2150E333-8FDC-42A3-9474-1A3956D46DE8}") = "quickstart", "quickstart", "{FE50AD45-7CEF-A1C3-4DC1-CF7EA014D551}"
EndProject
Project("{FAE04EC0-301F-11D3-BF4B-00C04F79EFBC}") = "QuickStartClient", "samples\quickstart\QuickStartClient\QuickStartClient.csproj", "{B83F33C4-8EE4-42E1-81F2-5BE39CFAC053}"
EndProject
Global
	GlobalSection(SolutionConfigurationPlatforms) = preSolution
		Debug|Any CPU = Debug|Any CPU
		Debug|x64 = Debug|x64
		Debug|x86 = Debug|x86
		Release|Any CPU = Release|Any CPU
		Release|x64 = Release|x64
		Release|x86 = Release|x86
	EndGlobalSection
	GlobalSection(ProjectConfigurationPlatforms) = postSolution
		{46AEF1FD-D80A-4697-9D13-A9AF041D28DF}.Debug|Any CPU.ActiveCfg = Debug|Any CPU
		{46AEF1FD-D80A-4697-9D13-A9AF041D28DF}.Debug|Any CPU.Build.0 = Debug|Any CPU
		{46AEF1FD-D80A-4697-9D13-A9AF041D28DF}.Debug|x64.ActiveCfg = Debug|Any CPU
		{46AEF1FD-D80A-4697-9D13-A9AF041D28DF}.Debug|x64.Build.0 = Debug|Any CPU
		{46AEF1FD-D80A-4697-9D13-A9AF041D28DF}.Debug|x86.ActiveCfg = Debug|Any CPU
		{46AEF1FD-D80A-4697-9D13-A9AF041D28DF}.Debug|x86.Build.0 = Debug|Any CPU
		{46AEF1FD-D80A-4697-9D13-A9AF041D28DF}.Release|Any CPU.ActiveCfg = Release|Any CPU
		{46AEF1FD-D80A-4697-9D13-A9AF041D28DF}.Release|Any CPU.Build.0 = Release|Any CPU
		{46AEF1FD-D80A-4697-9D13-A9AF041D28DF}.Release|x64.ActiveCfg = Release|Any CPU
		{46AEF1FD-D80A-4697-9D13-A9AF041D28DF}.Release|x64.Build.0 = Release|Any CPU
		{46AEF1FD-D80A-4697-9D13-A9AF041D28DF}.Release|x86.ActiveCfg = Release|Any CPU
		{46AEF1FD-D80A-4697-9D13-A9AF041D28DF}.Release|x86.Build.0 = Release|Any CPU
		{E3B74888-5801-4A5C-B1FF-1397285DDC30}.Debug|Any CPU.ActiveCfg = Debug|Any CPU
		{E3B74888-5801-4A5C-B1FF-1397285DDC30}.Debug|Any CPU.Build.0 = Debug|Any CPU
		{E3B74888-5801-4A5C-B1FF-1397285DDC30}.Debug|x64.ActiveCfg = Debug|Any CPU
		{E3B74888-5801-4A5C-B1FF-1397285DDC30}.Debug|x64.Build.0 = Debug|Any CPU
		{E3B74888-5801-4A5C-B1FF-1397285DDC30}.Debug|x86.ActiveCfg = Debug|Any CPU
		{E3B74888-5801-4A5C-B1FF-1397285DDC30}.Debug|x86.Build.0 = Debug|Any CPU
		{E3B74888-5801-4A5C-B1FF-1397285DDC30}.Release|Any CPU.ActiveCfg = Release|Any CPU
		{E3B74888-5801-4A5C-B1FF-1397285DDC30}.Release|Any CPU.Build.0 = Release|Any CPU
		{E3B74888-5801-4A5C-B1FF-1397285DDC30}.Release|x64.ActiveCfg = Release|Any CPU
		{E3B74888-5801-4A5C-B1FF-1397285DDC30}.Release|x64.Build.0 = Release|Any CPU
		{E3B74888-5801-4A5C-B1FF-1397285DDC30}.Release|x86.ActiveCfg = Release|Any CPU
		{E3B74888-5801-4A5C-B1FF-1397285DDC30}.Release|x86.Build.0 = Release|Any CPU
		{E5F3C0D2-98B2-4BE9-89E3-7E762A0F9A9C}.Debug|Any CPU.ActiveCfg = Debug|Any CPU
		{E5F3C0D2-98B2-4BE9-89E3-7E762A0F9A9C}.Debug|Any CPU.Build.0 = Debug|Any CPU
		{E5F3C0D2-98B2-4BE9-89E3-7E762A0F9A9C}.Debug|x64.ActiveCfg = Debug|Any CPU
		{E5F3C0D2-98B2-4BE9-89E3-7E762A0F9A9C}.Debug|x64.Build.0 = Debug|Any CPU
		{E5F3C0D2-98B2-4BE9-89E3-7E762A0F9A9C}.Debug|x86.ActiveCfg = Debug|Any CPU
		{E5F3C0D2-98B2-4BE9-89E3-7E762A0F9A9C}.Debug|x86.Build.0 = Debug|Any CPU
		{E5F3C0D2-98B2-4BE9-89E3-7E762A0F9A9C}.Release|Any CPU.ActiveCfg = Release|Any CPU
		{E5F3C0D2-98B2-4BE9-89E3-7E762A0F9A9C}.Release|Any CPU.Build.0 = Release|Any CPU
		{E5F3C0D2-98B2-4BE9-89E3-7E762A0F9A9C}.Release|x64.ActiveCfg = Release|Any CPU
		{E5F3C0D2-98B2-4BE9-89E3-7E762A0F9A9C}.Release|x64.Build.0 = Release|Any CPU
		{E5F3C0D2-98B2-4BE9-89E3-7E762A0F9A9C}.Release|x86.ActiveCfg = Release|Any CPU
		{E5F3C0D2-98B2-4BE9-89E3-7E762A0F9A9C}.Release|x86.Build.0 = Release|Any CPU
		{5A9CE963-7014-4E1E-B901-8F56599B8826}.Debug|Any CPU.ActiveCfg = Debug|Any CPU
		{5A9CE963-7014-4E1E-B901-8F56599B8826}.Debug|Any CPU.Build.0 = Debug|Any CPU
		{5A9CE963-7014-4E1E-B901-8F56599B8826}.Debug|x64.ActiveCfg = Debug|Any CPU
		{5A9CE963-7014-4E1E-B901-8F56599B8826}.Debug|x64.Build.0 = Debug|Any CPU
		{5A9CE963-7014-4E1E-B901-8F56599B8826}.Debug|x86.ActiveCfg = Debug|Any CPU
		{5A9CE963-7014-4E1E-B901-8F56599B8826}.Debug|x86.Build.0 = Debug|Any CPU
		{5A9CE963-7014-4E1E-B901-8F56599B8826}.Release|Any CPU.ActiveCfg = Release|Any CPU
		{5A9CE963-7014-4E1E-B901-8F56599B8826}.Release|Any CPU.Build.0 = Release|Any CPU
		{5A9CE963-7014-4E1E-B901-8F56599B8826}.Release|x64.ActiveCfg = Release|Any CPU
		{5A9CE963-7014-4E1E-B901-8F56599B8826}.Release|x64.Build.0 = Release|Any CPU
		{5A9CE963-7014-4E1E-B901-8F56599B8826}.Release|x86.ActiveCfg = Release|Any CPU
		{5A9CE963-7014-4E1E-B901-8F56599B8826}.Release|x86.Build.0 = Release|Any CPU
		{4865896E-CD36-4022-93C3-F4FEF77189A2}.Debug|Any CPU.ActiveCfg = Debug|Any CPU
		{4865896E-CD36-4022-93C3-F4FEF77189A2}.Debug|Any CPU.Build.0 = Debug|Any CPU
		{4865896E-CD36-4022-93C3-F4FEF77189A2}.Debug|x64.ActiveCfg = Debug|Any CPU
		{4865896E-CD36-4022-93C3-F4FEF77189A2}.Debug|x64.Build.0 = Debug|Any CPU
		{4865896E-CD36-4022-93C3-F4FEF77189A2}.Debug|x86.ActiveCfg = Debug|Any CPU
		{4865896E-CD36-4022-93C3-F4FEF77189A2}.Debug|x86.Build.0 = Debug|Any CPU
		{4865896E-CD36-4022-93C3-F4FEF77189A2}.Release|Any CPU.ActiveCfg = Release|Any CPU
		{4865896E-CD36-4022-93C3-F4FEF77189A2}.Release|Any CPU.Build.0 = Release|Any CPU
		{4865896E-CD36-4022-93C3-F4FEF77189A2}.Release|x64.ActiveCfg = Release|Any CPU
		{4865896E-CD36-4022-93C3-F4FEF77189A2}.Release|x64.Build.0 = Release|Any CPU
		{4865896E-CD36-4022-93C3-F4FEF77189A2}.Release|x86.ActiveCfg = Release|Any CPU
		{4865896E-CD36-4022-93C3-F4FEF77189A2}.Release|x86.Build.0 = Release|Any CPU
		{7322DAD2-0CC5-4436-990F-B0386A5B9F21}.Debug|Any CPU.ActiveCfg = Debug|Any CPU
		{7322DAD2-0CC5-4436-990F-B0386A5B9F21}.Debug|Any CPU.Build.0 = Debug|Any CPU
		{7322DAD2-0CC5-4436-990F-B0386A5B9F21}.Debug|x64.ActiveCfg = Debug|Any CPU
		{7322DAD2-0CC5-4436-990F-B0386A5B9F21}.Debug|x64.Build.0 = Debug|Any CPU
		{7322DAD2-0CC5-4436-990F-B0386A5B9F21}.Debug|x86.ActiveCfg = Debug|Any CPU
		{7322DAD2-0CC5-4436-990F-B0386A5B9F21}.Debug|x86.Build.0 = Debug|Any CPU
		{7322DAD2-0CC5-4436-990F-B0386A5B9F21}.Release|Any CPU.ActiveCfg = Release|Any CPU
		{7322DAD2-0CC5-4436-990F-B0386A5B9F21}.Release|Any CPU.Build.0 = Release|Any CPU
		{7322DAD2-0CC5-4436-990F-B0386A5B9F21}.Release|x64.ActiveCfg = Release|Any CPU
		{7322DAD2-0CC5-4436-990F-B0386A5B9F21}.Release|x64.Build.0 = Release|Any CPU
		{7322DAD2-0CC5-4436-990F-B0386A5B9F21}.Release|x86.ActiveCfg = Release|Any CPU
		{7322DAD2-0CC5-4436-990F-B0386A5B9F21}.Release|x86.Build.0 = Release|Any CPU
		{AA5217EB-15E5-4529-B9AD-054766F313D3}.Debug|Any CPU.ActiveCfg = Debug|Any CPU
		{AA5217EB-15E5-4529-B9AD-054766F313D3}.Debug|Any CPU.Build.0 = Debug|Any CPU
		{AA5217EB-15E5-4529-B9AD-054766F313D3}.Debug|x64.ActiveCfg = Debug|Any CPU
		{AA5217EB-15E5-4529-B9AD-054766F313D3}.Debug|x64.Build.0 = Debug|Any CPU
		{AA5217EB-15E5-4529-B9AD-054766F313D3}.Debug|x86.ActiveCfg = Debug|Any CPU
		{AA5217EB-15E5-4529-B9AD-054766F313D3}.Debug|x86.Build.0 = Debug|Any CPU
		{AA5217EB-15E5-4529-B9AD-054766F313D3}.Release|Any CPU.ActiveCfg = Release|Any CPU
		{AA5217EB-15E5-4529-B9AD-054766F313D3}.Release|Any CPU.Build.0 = Release|Any CPU
		{AA5217EB-15E5-4529-B9AD-054766F313D3}.Release|x64.ActiveCfg = Release|Any CPU
		{AA5217EB-15E5-4529-B9AD-054766F313D3}.Release|x64.Build.0 = Release|Any CPU
		{AA5217EB-15E5-4529-B9AD-054766F313D3}.Release|x86.ActiveCfg = Release|Any CPU
		{AA5217EB-15E5-4529-B9AD-054766F313D3}.Release|x86.Build.0 = Release|Any CPU
		{C30013B3-1151-4F74-88F0-3FFDC68D32BE}.Debug|Any CPU.ActiveCfg = Debug|Any CPU
		{C30013B3-1151-4F74-88F0-3FFDC68D32BE}.Debug|Any CPU.Build.0 = Debug|Any CPU
		{C30013B3-1151-4F74-88F0-3FFDC68D32BE}.Debug|x64.ActiveCfg = Debug|Any CPU
		{C30013B3-1151-4F74-88F0-3FFDC68D32BE}.Debug|x64.Build.0 = Debug|Any CPU
		{C30013B3-1151-4F74-88F0-3FFDC68D32BE}.Debug|x86.ActiveCfg = Debug|Any CPU
		{C30013B3-1151-4F74-88F0-3FFDC68D32BE}.Debug|x86.Build.0 = Debug|Any CPU
		{C30013B3-1151-4F74-88F0-3FFDC68D32BE}.Release|Any CPU.ActiveCfg = Release|Any CPU
		{C30013B3-1151-4F74-88F0-3FFDC68D32BE}.Release|Any CPU.Build.0 = Release|Any CPU
		{C30013B3-1151-4F74-88F0-3FFDC68D32BE}.Release|x64.ActiveCfg = Release|Any CPU
		{C30013B3-1151-4F74-88F0-3FFDC68D32BE}.Release|x64.Build.0 = Release|Any CPU
		{C30013B3-1151-4F74-88F0-3FFDC68D32BE}.Release|x86.ActiveCfg = Release|Any CPU
		{C30013B3-1151-4F74-88F0-3FFDC68D32BE}.Release|x86.Build.0 = Release|Any CPU
		{B35FBF6C-8CCD-492E-AEAD-A58E9E47A72A}.Debug|Any CPU.ActiveCfg = Debug|Any CPU
		{B35FBF6C-8CCD-492E-AEAD-A58E9E47A72A}.Debug|Any CPU.Build.0 = Debug|Any CPU
		{B35FBF6C-8CCD-492E-AEAD-A58E9E47A72A}.Debug|x64.ActiveCfg = Debug|Any CPU
		{B35FBF6C-8CCD-492E-AEAD-A58E9E47A72A}.Debug|x64.Build.0 = Debug|Any CPU
		{B35FBF6C-8CCD-492E-AEAD-A58E9E47A72A}.Debug|x86.ActiveCfg = Debug|Any CPU
		{B35FBF6C-8CCD-492E-AEAD-A58E9E47A72A}.Debug|x86.Build.0 = Debug|Any CPU
		{B35FBF6C-8CCD-492E-AEAD-A58E9E47A72A}.Release|Any CPU.ActiveCfg = Release|Any CPU
		{B35FBF6C-8CCD-492E-AEAD-A58E9E47A72A}.Release|Any CPU.Build.0 = Release|Any CPU
		{B35FBF6C-8CCD-492E-AEAD-A58E9E47A72A}.Release|x64.ActiveCfg = Release|Any CPU
		{B35FBF6C-8CCD-492E-AEAD-A58E9E47A72A}.Release|x64.Build.0 = Release|Any CPU
		{B35FBF6C-8CCD-492E-AEAD-A58E9E47A72A}.Release|x86.ActiveCfg = Release|Any CPU
		{B35FBF6C-8CCD-492E-AEAD-A58E9E47A72A}.Release|x86.Build.0 = Release|Any CPU
		{0083F720-6309-4945-87E7-95113965998F}.Debug|Any CPU.ActiveCfg = Debug|Any CPU
		{0083F720-6309-4945-87E7-95113965998F}.Debug|Any CPU.Build.0 = Debug|Any CPU
		{0083F720-6309-4945-87E7-95113965998F}.Debug|x64.ActiveCfg = Debug|Any CPU
		{0083F720-6309-4945-87E7-95113965998F}.Debug|x64.Build.0 = Debug|Any CPU
		{0083F720-6309-4945-87E7-95113965998F}.Debug|x86.ActiveCfg = Debug|Any CPU
		{0083F720-6309-4945-87E7-95113965998F}.Debug|x86.Build.0 = Debug|Any CPU
		{0083F720-6309-4945-87E7-95113965998F}.Release|Any CPU.ActiveCfg = Release|Any CPU
		{0083F720-6309-4945-87E7-95113965998F}.Release|Any CPU.Build.0 = Release|Any CPU
		{0083F720-6309-4945-87E7-95113965998F}.Release|x64.ActiveCfg = Release|Any CPU
		{0083F720-6309-4945-87E7-95113965998F}.Release|x64.Build.0 = Release|Any CPU
		{0083F720-6309-4945-87E7-95113965998F}.Release|x86.ActiveCfg = Release|Any CPU
		{0083F720-6309-4945-87E7-95113965998F}.Release|x86.Build.0 = Release|Any CPU
		{E203B8CD-8E19-4039-9D42-6A289F9EC47E}.Debug|Any CPU.ActiveCfg = Debug|Any CPU
		{E203B8CD-8E19-4039-9D42-6A289F9EC47E}.Debug|Any CPU.Build.0 = Debug|Any CPU
		{E203B8CD-8E19-4039-9D42-6A289F9EC47E}.Debug|x64.ActiveCfg = Debug|Any CPU
		{E203B8CD-8E19-4039-9D42-6A289F9EC47E}.Debug|x64.Build.0 = Debug|Any CPU
		{E203B8CD-8E19-4039-9D42-6A289F9EC47E}.Debug|x86.ActiveCfg = Debug|Any CPU
		{E203B8CD-8E19-4039-9D42-6A289F9EC47E}.Debug|x86.Build.0 = Debug|Any CPU
		{E203B8CD-8E19-4039-9D42-6A289F9EC47E}.Release|Any CPU.ActiveCfg = Release|Any CPU
		{E203B8CD-8E19-4039-9D42-6A289F9EC47E}.Release|Any CPU.Build.0 = Release|Any CPU
		{E203B8CD-8E19-4039-9D42-6A289F9EC47E}.Release|x64.ActiveCfg = Release|Any CPU
		{E203B8CD-8E19-4039-9D42-6A289F9EC47E}.Release|x64.Build.0 = Release|Any CPU
		{E203B8CD-8E19-4039-9D42-6A289F9EC47E}.Release|x86.ActiveCfg = Release|Any CPU
		{E203B8CD-8E19-4039-9D42-6A289F9EC47E}.Release|x86.Build.0 = Release|Any CPU
		{5FA29C2F-2BB5-4687-98CD-1943C85D93D1}.Debug|Any CPU.ActiveCfg = Debug|Any CPU
		{5FA29C2F-2BB5-4687-98CD-1943C85D93D1}.Debug|Any CPU.Build.0 = Debug|Any CPU
		{5FA29C2F-2BB5-4687-98CD-1943C85D93D1}.Debug|x64.ActiveCfg = Debug|Any CPU
		{5FA29C2F-2BB5-4687-98CD-1943C85D93D1}.Debug|x64.Build.0 = Debug|Any CPU
		{5FA29C2F-2BB5-4687-98CD-1943C85D93D1}.Debug|x86.ActiveCfg = Debug|Any CPU
		{5FA29C2F-2BB5-4687-98CD-1943C85D93D1}.Debug|x86.Build.0 = Debug|Any CPU
		{5FA29C2F-2BB5-4687-98CD-1943C85D93D1}.Release|Any CPU.ActiveCfg = Release|Any CPU
		{5FA29C2F-2BB5-4687-98CD-1943C85D93D1}.Release|Any CPU.Build.0 = Release|Any CPU
		{5FA29C2F-2BB5-4687-98CD-1943C85D93D1}.Release|x64.ActiveCfg = Release|Any CPU
		{5FA29C2F-2BB5-4687-98CD-1943C85D93D1}.Release|x64.Build.0 = Release|Any CPU
		{5FA29C2F-2BB5-4687-98CD-1943C85D93D1}.Release|x86.ActiveCfg = Release|Any CPU
		{5FA29C2F-2BB5-4687-98CD-1943C85D93D1}.Release|x86.Build.0 = Release|Any CPU
		{E59E6B05-515F-4129-AC37-4AEDFD36E2A2}.Debug|Any CPU.ActiveCfg = Debug|Any CPU
		{E59E6B05-515F-4129-AC37-4AEDFD36E2A2}.Debug|Any CPU.Build.0 = Debug|Any CPU
		{E59E6B05-515F-4129-AC37-4AEDFD36E2A2}.Debug|x64.ActiveCfg = Debug|Any CPU
		{E59E6B05-515F-4129-AC37-4AEDFD36E2A2}.Debug|x64.Build.0 = Debug|Any CPU
		{E59E6B05-515F-4129-AC37-4AEDFD36E2A2}.Debug|x86.ActiveCfg = Debug|Any CPU
		{E59E6B05-515F-4129-AC37-4AEDFD36E2A2}.Debug|x86.Build.0 = Debug|Any CPU
		{E59E6B05-515F-4129-AC37-4AEDFD36E2A2}.Release|Any CPU.ActiveCfg = Release|Any CPU
		{E59E6B05-515F-4129-AC37-4AEDFD36E2A2}.Release|Any CPU.Build.0 = Release|Any CPU
		{E59E6B05-515F-4129-AC37-4AEDFD36E2A2}.Release|x64.ActiveCfg = Release|Any CPU
		{E59E6B05-515F-4129-AC37-4AEDFD36E2A2}.Release|x64.Build.0 = Release|Any CPU
		{E59E6B05-515F-4129-AC37-4AEDFD36E2A2}.Release|x86.ActiveCfg = Release|Any CPU
		{E59E6B05-515F-4129-AC37-4AEDFD36E2A2}.Release|x86.Build.0 = Release|Any CPU
		{BB9217F2-B213-4E8C-ACC0-4F8AF5F60126}.Debug|Any CPU.ActiveCfg = Debug|Any CPU
		{BB9217F2-B213-4E8C-ACC0-4F8AF5F60126}.Debug|Any CPU.Build.0 = Debug|Any CPU
		{BB9217F2-B213-4E8C-ACC0-4F8AF5F60126}.Debug|x64.ActiveCfg = Debug|Any CPU
		{BB9217F2-B213-4E8C-ACC0-4F8AF5F60126}.Debug|x64.Build.0 = Debug|Any CPU
		{BB9217F2-B213-4E8C-ACC0-4F8AF5F60126}.Debug|x86.ActiveCfg = Debug|Any CPU
		{BB9217F2-B213-4E8C-ACC0-4F8AF5F60126}.Debug|x86.Build.0 = Debug|Any CPU
		{BB9217F2-B213-4E8C-ACC0-4F8AF5F60126}.Release|Any CPU.ActiveCfg = Release|Any CPU
		{BB9217F2-B213-4E8C-ACC0-4F8AF5F60126}.Release|Any CPU.Build.0 = Release|Any CPU
		{BB9217F2-B213-4E8C-ACC0-4F8AF5F60126}.Release|x64.ActiveCfg = Release|Any CPU
		{BB9217F2-B213-4E8C-ACC0-4F8AF5F60126}.Release|x64.Build.0 = Release|Any CPU
		{BB9217F2-B213-4E8C-ACC0-4F8AF5F60126}.Release|x86.ActiveCfg = Release|Any CPU
		{BB9217F2-B213-4E8C-ACC0-4F8AF5F60126}.Release|x86.Build.0 = Release|Any CPU
		{42E6D885-66ED-47F9-8140-680A37A16AC2}.Debug|Any CPU.ActiveCfg = Debug|Any CPU
		{42E6D885-66ED-47F9-8140-680A37A16AC2}.Debug|Any CPU.Build.0 = Debug|Any CPU
		{42E6D885-66ED-47F9-8140-680A37A16AC2}.Debug|x64.ActiveCfg = Debug|Any CPU
		{42E6D885-66ED-47F9-8140-680A37A16AC2}.Debug|x64.Build.0 = Debug|Any CPU
		{42E6D885-66ED-47F9-8140-680A37A16AC2}.Debug|x86.ActiveCfg = Debug|Any CPU
		{42E6D885-66ED-47F9-8140-680A37A16AC2}.Debug|x86.Build.0 = Debug|Any CPU
		{42E6D885-66ED-47F9-8140-680A37A16AC2}.Release|Any CPU.ActiveCfg = Release|Any CPU
		{42E6D885-66ED-47F9-8140-680A37A16AC2}.Release|Any CPU.Build.0 = Release|Any CPU
		{42E6D885-66ED-47F9-8140-680A37A16AC2}.Release|x64.ActiveCfg = Release|Any CPU
		{42E6D885-66ED-47F9-8140-680A37A16AC2}.Release|x64.Build.0 = Release|Any CPU
		{42E6D885-66ED-47F9-8140-680A37A16AC2}.Release|x86.ActiveCfg = Release|Any CPU
		{42E6D885-66ED-47F9-8140-680A37A16AC2}.Release|x86.Build.0 = Release|Any CPU
		{0FC5B827-E9BB-486D-BFA0-4FE1C501F6EB}.Debug|Any CPU.ActiveCfg = Debug|Any CPU
		{0FC5B827-E9BB-486D-BFA0-4FE1C501F6EB}.Debug|Any CPU.Build.0 = Debug|Any CPU
		{0FC5B827-E9BB-486D-BFA0-4FE1C501F6EB}.Debug|x64.ActiveCfg = Debug|Any CPU
		{0FC5B827-E9BB-486D-BFA0-4FE1C501F6EB}.Debug|x64.Build.0 = Debug|Any CPU
		{0FC5B827-E9BB-486D-BFA0-4FE1C501F6EB}.Debug|x86.ActiveCfg = Debug|Any CPU
		{0FC5B827-E9BB-486D-BFA0-4FE1C501F6EB}.Debug|x86.Build.0 = Debug|Any CPU
		{0FC5B827-E9BB-486D-BFA0-4FE1C501F6EB}.Release|Any CPU.ActiveCfg = Release|Any CPU
		{0FC5B827-E9BB-486D-BFA0-4FE1C501F6EB}.Release|Any CPU.Build.0 = Release|Any CPU
		{0FC5B827-E9BB-486D-BFA0-4FE1C501F6EB}.Release|x64.ActiveCfg = Release|Any CPU
		{0FC5B827-E9BB-486D-BFA0-4FE1C501F6EB}.Release|x64.Build.0 = Release|Any CPU
		{0FC5B827-E9BB-486D-BFA0-4FE1C501F6EB}.Release|x86.ActiveCfg = Release|Any CPU
		{0FC5B827-E9BB-486D-BFA0-4FE1C501F6EB}.Release|x86.Build.0 = Release|Any CPU
		{7F6C7B9F-4021-41CD-978D-6F3E34BDA538}.Debug|Any CPU.ActiveCfg = Debug|Any CPU
		{7F6C7B9F-4021-41CD-978D-6F3E34BDA538}.Debug|Any CPU.Build.0 = Debug|Any CPU
		{7F6C7B9F-4021-41CD-978D-6F3E34BDA538}.Debug|x64.ActiveCfg = Debug|Any CPU
		{7F6C7B9F-4021-41CD-978D-6F3E34BDA538}.Debug|x64.Build.0 = Debug|Any CPU
		{7F6C7B9F-4021-41CD-978D-6F3E34BDA538}.Debug|x86.ActiveCfg = Debug|Any CPU
		{7F6C7B9F-4021-41CD-978D-6F3E34BDA538}.Debug|x86.Build.0 = Debug|Any CPU
		{7F6C7B9F-4021-41CD-978D-6F3E34BDA538}.Release|Any CPU.ActiveCfg = Release|Any CPU
		{7F6C7B9F-4021-41CD-978D-6F3E34BDA538}.Release|Any CPU.Build.0 = Release|Any CPU
		{7F6C7B9F-4021-41CD-978D-6F3E34BDA538}.Release|x64.ActiveCfg = Release|Any CPU
		{7F6C7B9F-4021-41CD-978D-6F3E34BDA538}.Release|x64.Build.0 = Release|Any CPU
		{7F6C7B9F-4021-41CD-978D-6F3E34BDA538}.Release|x86.ActiveCfg = Release|Any CPU
		{7F6C7B9F-4021-41CD-978D-6F3E34BDA538}.Release|x86.Build.0 = Release|Any CPU
		{B83F33C4-8EE4-42E1-81F2-5BE39CFAC053}.Debug|Any CPU.ActiveCfg = Debug|Any CPU
		{B83F33C4-8EE4-42E1-81F2-5BE39CFAC053}.Debug|Any CPU.Build.0 = Debug|Any CPU
		{B83F33C4-8EE4-42E1-81F2-5BE39CFAC053}.Debug|x64.ActiveCfg = Debug|Any CPU
		{B83F33C4-8EE4-42E1-81F2-5BE39CFAC053}.Debug|x64.Build.0 = Debug|Any CPU
		{B83F33C4-8EE4-42E1-81F2-5BE39CFAC053}.Debug|x86.ActiveCfg = Debug|Any CPU
		{B83F33C4-8EE4-42E1-81F2-5BE39CFAC053}.Debug|x86.Build.0 = Debug|Any CPU
		{B83F33C4-8EE4-42E1-81F2-5BE39CFAC053}.Release|Any CPU.ActiveCfg = Release|Any CPU
		{B83F33C4-8EE4-42E1-81F2-5BE39CFAC053}.Release|Any CPU.Build.0 = Release|Any CPU
		{B83F33C4-8EE4-42E1-81F2-5BE39CFAC053}.Release|x64.ActiveCfg = Release|Any CPU
		{B83F33C4-8EE4-42E1-81F2-5BE39CFAC053}.Release|x64.Build.0 = Release|Any CPU
		{B83F33C4-8EE4-42E1-81F2-5BE39CFAC053}.Release|x86.ActiveCfg = Release|Any CPU
		{B83F33C4-8EE4-42E1-81F2-5BE39CFAC053}.Release|x86.Build.0 = Release|Any CPU
	EndGlobalSection
	GlobalSection(SolutionProperties) = preSolution
		HideSolutionNode = FALSE
	EndGlobalSection
	GlobalSection(NestedProjects) = preSolution
		{46AEF1FD-D80A-4697-9D13-A9AF041D28DF} = {827E0CD3-B72D-47B6-A68D-7590B98EB39B}
		{E3B74888-5801-4A5C-B1FF-1397285DDC30} = {827E0CD3-B72D-47B6-A68D-7590B98EB39B}
		{E5F3C0D2-98B2-4BE9-89E3-7E762A0F9A9C} = {827E0CD3-B72D-47B6-A68D-7590B98EB39B}
		{5A9CE963-7014-4E1E-B901-8F56599B8826} = {827E0CD3-B72D-47B6-A68D-7590B98EB39B}
		{4865896E-CD36-4022-93C3-F4FEF77189A2} = {827E0CD3-B72D-47B6-A68D-7590B98EB39B}
		{7322DAD2-0CC5-4436-990F-B0386A5B9F21} = {827E0CD3-B72D-47B6-A68D-7590B98EB39B}
		{AA5217EB-15E5-4529-B9AD-054766F313D3} = {0AB3BF05-4346-4AA6-1389-037BE0695223}
		{C30013B3-1151-4F74-88F0-3FFDC68D32BE} = {0AB3BF05-4346-4AA6-1389-037BE0695223}
		{B35FBF6C-8CCD-492E-AEAD-A58E9E47A72A} = {0AB3BF05-4346-4AA6-1389-037BE0695223}
		{0083F720-6309-4945-87E7-95113965998F} = {0AB3BF05-4346-4AA6-1389-037BE0695223}
		{E203B8CD-8E19-4039-9D42-6A289F9EC47E} = {0AB3BF05-4346-4AA6-1389-037BE0695223}
		{5FA29C2F-2BB5-4687-98CD-1943C85D93D1} = {0AB3BF05-4346-4AA6-1389-037BE0695223}
		{E59E6B05-515F-4129-AC37-4AEDFD36E2A2} = {11C02A59-E5BC-451E-BA61-7C587C4E68FB}
		{BB9217F2-B213-4E8C-ACC0-4F8AF5F60126} = {0AB3BF05-4346-4AA6-1389-037BE0695223}
		{42E6D885-66ED-47F9-8140-680A37A16AC2} = {0AB3BF05-4346-4AA6-1389-037BE0695223}
		{0FC5B827-E9BB-486D-BFA0-4FE1C501F6EB} = {0AB3BF05-4346-4AA6-1389-037BE0695223}
		{7F6C7B9F-4021-41CD-978D-6F3E34BDA538} = {0AB3BF05-4346-4AA6-1389-037BE0695223}
		{FE50AD45-7CEF-A1C3-4DC1-CF7EA014D551} = {5D20AA90-6969-D8BD-9DCD-8634F4692FDA}
		{B83F33C4-8EE4-42E1-81F2-5BE39CFAC053} = {FE50AD45-7CEF-A1C3-4DC1-CF7EA014D551}
	EndGlobalSection
EndGlobal
